# This file was autogenerated by Stack.
# You should not edit this file by hand.
# For more information, please see the documentation at:
#   https://docs.haskellstack.org/en/stable/lock_files

packages: []
snapshots:
- completed:
    size: 616134
    url: https://raw.githubusercontent.com/commercialhaskell/stackage-snapshots/master/nightly/2022/7/5.yaml
    sha256: 12ff3c4c2294b5da018e9acd75b74fa5aa0435c5a12063019c182fb0da589b53
  original: nightly-2022-07-05
