# This file was autogenerated by Stack.
# You should not edit this file by hand.
# For more information, please see the documentation at:
#   https://docs.haskellstack.org/en/stable/lock_files

packages: []
snapshots:
- completed:
    sha256: df9480bf80555bf35fd58d6fa22b1385301eeb1abcb511d712a98f241f243ba0
    size: 669116
    url: https://raw.githubusercontent.com/commercialhaskell/stackage-snapshots/master/nightly/2023/9/21.yaml
  original: nightly-2023-09-21
